
Microsoft Visual Studio Solution File, Format Version 12.00
# Visual Studio Version 16
VisualStudioVersion = 16.0.31410.357
MinimumVisualStudioVersion = 10.0.40219.1
Project("{FAE04EC0-301F-11D3-BF4B-00C04F79EFBC}") = "LoginPageViaRepositoryPattern", "LoginPageViaRepositoryPattern\LoginPageViaRepositoryPattern.csproj", "{9B974815-AA39-4584-A1FE-F13D7E03CD45}"
EndProject
Global
	GlobalSection(SolutionConfigurationPlatforms) = preSolution
		Debug|Any CPU = Debug|Any CPU
		Release|Any CPU = Release|Any CPU
	EndGlobalSection
	GlobalSection(ProjectConfigurationPlatforms) = postSolution
		{9B974815-AA39-4584-A1FE-F13D7E03CD45}.Debug|Any CPU.ActiveCfg = Debug|Any CPU
		{9B974815-AA39-4584-A1FE-F13D7E03CD45}.Debug|Any CPU.Build.0 = Debug|Any CPU
		{9B974815-AA39-4584-A1FE-F13D7E03CD45}.Release|Any CPU.ActiveCfg = Release|Any CPU
		{9B974815-AA39-4584-A1FE-F13D7E03CD45}.Release|Any CPU.Build.0 = Release|Any CPU
	EndGlobalSection
	GlobalSection(SolutionProperties) = preSolution
		HideSolutionNode = FALSE
	EndGlobalSection
	GlobalSection(ExtensibilityGlobals) = postSolution
		SolutionGuid = {89D9716D-291C-4674-82FA-3F15EEB70E75}
	EndGlobalSection
EndGlobal
